
Microsoft Visual Studio Solution File, Format Version 12.00
# Visual Studio 15
VisualStudioVersion = 15.0.28307.1525
MinimumVisualStudioVersion = 10.0.40219.1
Project("{FAE04EC0-301F-11D3-BF4B-00C04F79EFBC}") = "TolgaESoftware.StudentTracking.UI.Win", "TolgaESoftware.StudentTracking.UI.Win\TolgaESoftware.StudentTracking.UI.Win.csproj", "{B9388D1E-CF25-42CF-9B05-76A7DB703C72}"
EndProject
Project("{FAE04EC0-301F-11D3-BF4B-00C04F79EFBC}") = "TolgaESoftware.Dal", "TolgaESoftware.Dal\TolgaESoftware.Dal.csproj", "{9EF74519-6E3C-4BEB-B51C-161796AC6841}"
EndProject
Project("{FAE04EC0-301F-11D3-BF4B-00C04F79EFBC}") = "TolgaESoftware.StudentTracking.Bll", "TolgaESoftware.StudentTracking.Bll\TolgaESoftware.StudentTracking.Bll.csproj", "{37C61912-34D0-4067-8803-1D31A69136A0}"
EndProject
Project("{FAE04EC0-301F-11D3-BF4B-00C04F79EFBC}") = "TolgaESoftware.StudentTracking.Common", "TolgaESoftware.StudentTracking.Common\TolgaESoftware.StudentTracking.Common.csproj", "{BE42D5A8-23F7-4454-A108-8AF40BD06217}"
EndProject
Project("{FAE04EC0-301F-11D3-BF4B-00C04F79EFBC}") = "TolgaESoftware.StudentTracking.Data", "TolgaESoftware.StudentTracking.Data\TolgaESoftware.StudentTracking.Data.csproj", "{0D04EA94-A7A7-4B0D-AF0E-ECBA05F228F1}"
EndProject
Project("{FAE04EC0-301F-11D3-BF4B-00C04F79EFBC}") = "TolgaESoftware.StudentTracking.Model", "TolgaESoftware.StudentTracking.Model\TolgaESoftware.StudentTracking.Model.csproj", "{413C05A3-F3A3-4EE5-BCAC-E196C81684AE}"
EndProject
Project("{FAE04EC0-301F-11D3-BF4B-00C04F79EFBC}") = "TolgaESoftware.StudentTracking.UI.Admin", "TolgaESoftware.StudentTracking.UI.Admin\TolgaESoftware.StudentTracking.UI.Admin.csproj", "{B7395B5D-028B-410B-A41B-C717B7985EB9}"
EndProject
Global
	GlobalSection(SolutionConfigurationPlatforms) = preSolution
		Debug|Any CPU = Debug|Any CPU
		Release|Any CPU = Release|Any CPU
	EndGlobalSection
	GlobalSection(ProjectConfigurationPlatforms) = postSolution
		{B9388D1E-CF25-42CF-9B05-76A7DB703C72}.Debug|Any CPU.ActiveCfg = Debug|Any CPU
		{B9388D1E-CF25-42CF-9B05-76A7DB703C72}.Debug|Any CPU.Build.0 = Debug|Any CPU
		{B9388D1E-CF25-42CF-9B05-76A7DB703C72}.Release|Any CPU.ActiveCfg = Release|Any CPU
		{B9388D1E-CF25-42CF-9B05-76A7DB703C72}.Release|Any CPU.Build.0 = Release|Any CPU
		{9EF74519-6E3C-4BEB-B51C-161796AC6841}.Debug|Any CPU.ActiveCfg = Debug|Any CPU
		{9EF74519-6E3C-4BEB-B51C-161796AC6841}.Debug|Any CPU.Build.0 = Debug|Any CPU
		{9EF74519-6E3C-4BEB-B51C-161796AC6841}.Release|Any CPU.ActiveCfg = Release|Any CPU
		{9EF74519-6E3C-4BEB-B51C-161796AC6841}.Release|Any CPU.Build.0 = Release|Any CPU
		{37C61912-34D0-4067-8803-1D31A69136A0}.Debug|Any CPU.ActiveCfg = Debug|Any CPU
		{37C61912-34D0-4067-8803-1D31A69136A0}.Debug|Any CPU.Build.0 = Debug|Any CPU
		{37C61912-34D0-4067-8803-1D31A69136A0}.Release|Any CPU.ActiveCfg = Release|Any CPU
		{37C61912-34D0-4067-8803-1D31A69136A0}.Release|Any CPU.Build.0 = Release|Any CPU
		{BE42D5A8-23F7-4454-A108-8AF40BD06217}.Debug|Any CPU.ActiveCfg = Debug|Any CPU
		{BE42D5A8-23F7-4454-A108-8AF40BD06217}.Debug|Any CPU.Build.0 = Debug|Any CPU
		{BE42D5A8-23F7-4454-A108-8AF40BD06217}.Release|Any CPU.ActiveCfg = Release|Any CPU
		{BE42D5A8-23F7-4454-A108-8AF40BD06217}.Release|Any CPU.Build.0 = Release|Any CPU
		{0D04EA94-A7A7-4B0D-AF0E-ECBA05F228F1}.Debug|Any CPU.ActiveCfg = Debug|Any CPU
		{0D04EA94-A7A7-4B0D-AF0E-ECBA05F228F1}.Debug|Any CPU.Build.0 = Debug|Any CPU
		{0D04EA94-A7A7-4B0D-AF0E-ECBA05F228F1}.Release|Any CPU.ActiveCfg = Release|Any CPU
		{0D04EA94-A7A7-4B0D-AF0E-ECBA05F228F1}.Release|Any CPU.Build.0 = Release|Any CPU
		{413C05A3-F3A3-4EE5-BCAC-E196C81684AE}.Debug|Any CPU.ActiveCfg = Debug|Any CPU
		{413C05A3-F3A3-4EE5-BCAC-E196C81684AE}.Debug|Any CPU.Build.0 = Debug|Any CPU
		{413C05A3-F3A3-4EE5-BCAC-E196C81684AE}.Release|Any CPU.ActiveCfg = Release|Any CPU
		{413C05A3-F3A3-4EE5-BCAC-E196C81684AE}.Release|Any CPU.Build.0 = Release|Any CPU
		{B7395B5D-028B-410B-A41B-C717B7985EB9}.Debug|Any CPU.ActiveCfg = Debug|Any CPU
		{B7395B5D-028B-410B-A41B-C717B7985EB9}.Debug|Any CPU.Build.0 = Debug|Any CPU
		{B7395B5D-028B-410B-A41B-C717B7985EB9}.Release|Any CPU.ActiveCfg = Release|Any CPU
		{B7395B5D-028B-410B-A41B-C717B7985EB9}.Release|Any CPU.Build.0 = Release|Any CPU
	EndGlobalSection
	GlobalSection(SolutionProperties) = preSolution
		HideSolutionNode = FALSE
	EndGlobalSection
	GlobalSection(ExtensibilityGlobals) = postSolution
		SolutionGuid = {A2AC9670-1A81-45DC-A9EB-52FB57C9D1C2}
	EndGlobalSection
EndGlobal
